
Microsoft Visual Studio Solution File, Format Version 11.00
# Visual Studio 2010
Project("{2150E333-8FDC-42A3-9474-1A3956D46DE8}") = "Fussen.Testing", "Fussen.Testing", "{72095618-283E-401F-88EC-67B99E7A01ED}"
EndProject
Project("{FAE04EC0-301F-11D3-BF4B-00C04F79EFBC}") = "Fussen.Testing.Console", "Fussen.Testing.Console\Fussen.Testing.Console.csproj", "{0E7A5FE7-0A65-46BF-8591-6D63F2E1C3EE}"
EndProject
Project("{2150E333-8FDC-42A3-9474-1A3956D46DE8}") = "Fusssen.Library", "Fusssen.Library", "{0CFB0730-9A4C-4EBD-980A-779FF6BC7A52}"
EndProject
Project("{FAE04EC0-301F-11D3-BF4B-00C04F79EFBC}") = "Fussen.Core", "Fussen.Core\Fussen.Core.csproj", "{9713855E-5B1F-499A-824B-ACEF2B6ED91C}"
EndProject
Project("{FAE04EC0-301F-11D3-BF4B-00C04F79EFBC}") = "Fussen.Distributed", "Fussen.Distributed\Fussen.Distributed.csproj", "{D8040EB8-AC9B-42A6-A923-B0A11CF3B143}"
EndProject
Project("{FAE04EC0-301F-11D3-BF4B-00C04F79EFBC}") = "Fussen.Graphics", "Fussen.Graphics\Fussen.Graphics.csproj", "{9AD46F80-8A38-4757-8EA0-4E4A2AF56A4A}"
EndProject
Project("{FAE04EC0-301F-11D3-BF4B-00C04F79EFBC}") = "Fussen.Net", "Fussen.Net\Fussen.Net.csproj", "{3FAA6E5F-239E-4FAE-B7F0-64AC232E12F5}"
EndProject
Project("{FAE04EC0-301F-11D3-BF4B-00C04F79EFBC}") = "Fussen.Web", "Fussen.Web\Fussen.Web.csproj", "{8CA4AEF5-6BC9-4919-9F9A-5B73AE4EC263}"
EndProject
Project("{2150E333-8FDC-42A3-9474-1A3956D46DE8}") = "Mefy Reference Projects", "Mefy Reference Projects", "{D377F42A-C77C-432D-9118-6DC8DA3B1B7C}"
EndProject
Project("{FAE04EC0-301F-11D3-BF4B-00C04F79EFBC}") = "NUniversalCharDet", "Mefy Reference Projects\Projects\NUniversalCharDet\NUniversalCharDet.csproj", "{D18F01CA-AF1A-476F-8667-52526A31B118}"
EndProject
Project("{FAE04EC0-301F-11D3-BF4B-00C04F79EFBC}") = "Newtonsoft.Json.Portable40", "Mefy Reference Projects\Projects\Newtonsoft.Json\Newtonsoft.Json.Portable40.csproj", "{959F7F85-C98B-4876-971A-9036224578E4}"
EndProject
Global
	GlobalSection(SolutionConfigurationPlatforms) = preSolution
		Debug|Any CPU = Debug|Any CPU
		Release|Any CPU = Release|Any CPU
	EndGlobalSection
	GlobalSection(ProjectConfigurationPlatforms) = postSolution
		{0E7A5FE7-0A65-46BF-8591-6D63F2E1C3EE}.Debug|Any CPU.ActiveCfg = Debug|Any CPU
		{0E7A5FE7-0A65-46BF-8591-6D63F2E1C3EE}.Debug|Any CPU.Build.0 = Debug|Any CPU
		{0E7A5FE7-0A65-46BF-8591-6D63F2E1C3EE}.Release|Any CPU.ActiveCfg = Release|Any CPU
		{0E7A5FE7-0A65-46BF-8591-6D63F2E1C3EE}.Release|Any CPU.Build.0 = Release|Any CPU
		{3FAA6E5F-239E-4FAE-B7F0-64AC232E12F5}.Debug|Any CPU.ActiveCfg = Debug|Any CPU
		{3FAA6E5F-239E-4FAE-B7F0-64AC232E12F5}.Debug|Any CPU.Build.0 = Debug|Any CPU
		{3FAA6E5F-239E-4FAE-B7F0-64AC232E12F5}.Release|Any CPU.ActiveCfg = Release|Any CPU
		{3FAA6E5F-239E-4FAE-B7F0-64AC232E12F5}.Release|Any CPU.Build.0 = Release|Any CPU
		{8CA4AEF5-6BC9-4919-9F9A-5B73AE4EC263}.Debug|Any CPU.ActiveCfg = Debug|Any CPU
		{8CA4AEF5-6BC9-4919-9F9A-5B73AE4EC263}.Debug|Any CPU.Build.0 = Debug|Any CPU
		{8CA4AEF5-6BC9-4919-9F9A-5B73AE4EC263}.Release|Any CPU.ActiveCfg = Release|Any CPU
		{8CA4AEF5-6BC9-4919-9F9A-5B73AE4EC263}.Release|Any CPU.Build.0 = Release|Any CPU
		{959F7F85-C98B-4876-971A-9036224578E4}.Debug|Any CPU.ActiveCfg = Debug|Any CPU
		{959F7F85-C98B-4876-971A-9036224578E4}.Debug|Any CPU.Build.0 = Debug|Any CPU
		{959F7F85-C98B-4876-971A-9036224578E4}.Release|Any CPU.ActiveCfg = Release|Any CPU
		{959F7F85-C98B-4876-971A-9036224578E4}.Release|Any CPU.Build.0 = Release|Any CPU
		{9713855E-5B1F-499A-824B-ACEF2B6ED91C}.Debug|Any CPU.ActiveCfg = Debug|Any CPU
		{9713855E-5B1F-499A-824B-ACEF2B6ED91C}.Debug|Any CPU.Build.0 = Debug|Any CPU
		{9713855E-5B1F-499A-824B-ACEF2B6ED91C}.Release|Any CPU.ActiveCfg = Release|Any CPU
		{9713855E-5B1F-499A-824B-ACEF2B6ED91C}.Release|Any CPU.Build.0 = Release|Any CPU
		{9AD46F80-8A38-4757-8EA0-4E4A2AF56A4A}.Debug|Any CPU.ActiveCfg = Debug|Any CPU
		{9AD46F80-8A38-4757-8EA0-4E4A2AF56A4A}.Debug|Any CPU.Build.0 = Debug|Any CPU
		{9AD46F80-8A38-4757-8EA0-4E4A2AF56A4A}.Release|Any CPU.ActiveCfg = Release|Any CPU
		{9AD46F80-8A38-4757-8EA0-4E4A2AF56A4A}.Release|Any CPU.Build.0 = Release|Any CPU
		{D18F01CA-AF1A-476F-8667-52526A31B118}.Debug|Any CPU.ActiveCfg = Debug|Any CPU
		{D18F01CA-AF1A-476F-8667-52526A31B118}.Debug|Any CPU.Build.0 = Debug|Any CPU
		{D18F01CA-AF1A-476F-8667-52526A31B118}.Release|Any CPU.ActiveCfg = Release|Any CPU
		{D18F01CA-AF1A-476F-8667-52526A31B118}.Release|Any CPU.Build.0 = Release|Any CPU
		{D8040EB8-AC9B-42A6-A923-B0A11CF3B143}.Debug|Any CPU.ActiveCfg = Debug|Any CPU
		{D8040EB8-AC9B-42A6-A923-B0A11CF3B143}.Debug|Any CPU.Build.0 = Debug|Any CPU
		{D8040EB8-AC9B-42A6-A923-B0A11CF3B143}.Release|Any CPU.ActiveCfg = Release|Any CPU
		{D8040EB8-AC9B-42A6-A923-B0A11CF3B143}.Release|Any CPU.Build.0 = Release|Any CPU
	EndGlobalSection
	GlobalSection(NestedProjects) = preSolution
		{0E7A5FE7-0A65-46BF-8591-6D63F2E1C3EE} = {72095618-283E-401F-88EC-67B99E7A01ED}
		{9713855E-5B1F-499A-824B-ACEF2B6ED91C} = {0CFB0730-9A4C-4EBD-980A-779FF6BC7A52}
		{D8040EB8-AC9B-42A6-A923-B0A11CF3B143} = {0CFB0730-9A4C-4EBD-980A-779FF6BC7A52}
		{9AD46F80-8A38-4757-8EA0-4E4A2AF56A4A} = {0CFB0730-9A4C-4EBD-980A-779FF6BC7A52}
		{3FAA6E5F-239E-4FAE-B7F0-64AC232E12F5} = {0CFB0730-9A4C-4EBD-980A-779FF6BC7A52}
		{8CA4AEF5-6BC9-4919-9F9A-5B73AE4EC263} = {0CFB0730-9A4C-4EBD-980A-779FF6BC7A52}
		{D18F01CA-AF1A-476F-8667-52526A31B118} = {D377F42A-C77C-432D-9118-6DC8DA3B1B7C}
		{959F7F85-C98B-4876-971A-9036224578E4} = {D377F42A-C77C-432D-9118-6DC8DA3B1B7C}
	EndGlobalSection
	GlobalSection(MonoDevelopProperties) = preSolution
		StartupItem = Fussen.Testing.Console\Fussen.Testing.Console.csproj
		Policies = $0
		$0.DotNetNamingPolicy = $1
		$1.DirectoryNamespaceAssociation = None
		$1.ResourceNamePolicy = FileFormatDefault
		$0.VersionControlPolicy = $2
		$2.inheritsSet = Mono
		$0.ChangeLogPolicy = $3
		$3.UpdateMode = None
		$3.MessageStyle = $4
		$4.LineAlign = 0
		$3.inheritsSet = Mono
		$0.StandardHeader = $5
		$5.Text = 
		$5.IncludeInNewFiles = True
		$0.NameConventionPolicy = $6
		$6.Rules = $7
		$7.NamingRule = $8
		$8.Name = Namespaces
		$8.AffectedEntity = Namespace
		$8.VisibilityMask = VisibilityMask
		$8.NamingStyle = PascalCase
		$8.IncludeInstanceMembers = True
		$8.IncludeStaticEntities = True
		$7.NamingRule = $9
		$9.Name = Types
		$9.AffectedEntity = Class, Struct, Enum, Delegate
		$9.VisibilityMask = Public
		$9.NamingStyle = PascalCase
		$9.IncludeInstanceMembers = True
		$9.IncludeStaticEntities = True
		$7.NamingRule = $10
		$10.Name = Interfaces
		$10.RequiredPrefixes = $11
		$11.String = I
		$10.AffectedEntity = Interface
		$10.VisibilityMask = Public
		$10.NamingStyle = PascalCase
		$10.IncludeInstanceMembers = True
		$10.IncludeStaticEntities = True
		$7.NamingRule = $12
		$12.Name = Attributes
		$12.RequiredSuffixes = $13
		$13.String = Attribute
		$12.AffectedEntity = CustomAttributes
		$12.VisibilityMask = Public
		$12.NamingStyle = PascalCase
		$12.IncludeInstanceMembers = True
		$12.IncludeStaticEntities = True
		$7.NamingRule = $14
		$14.Name = Event Arguments
		$14.RequiredSuffixes = $15
		$15.String = EventArgs
		$14.AffectedEntity = CustomEventArgs
		$14.VisibilityMask = Public
		$14.NamingStyle = PascalCase
		$14.IncludeInstanceMembers = True
		$14.IncludeStaticEntities = True
		$7.NamingRule = $16
		$16.Name = Exceptions
		$16.RequiredSuffixes = $17
		$17.String = Exception
		$16.AffectedEntity = CustomExceptions
		$16.VisibilityMask = VisibilityMask
		$16.NamingStyle = PascalCase
		$16.IncludeInstanceMembers = True
		$16.IncludeStaticEntities = True
		$7.NamingRule = $18
		$18.Name = Methods
		$18.AffectedEntity = Methods
		$18.VisibilityMask = Protected, Public
		$18.NamingStyle = PascalCase
		$18.IncludeInstanceMembers = True
		$18.IncludeStaticEntities = True
		$7.NamingRule = $19
		$19.Name = Static Readonly Fields
		$19.AffectedEntity = ReadonlyField
		$19.VisibilityMask = Protected, Public
		$19.NamingStyle = PascalCase
		$19.IncludeInstanceMembers = False
		$19.IncludeStaticEntities = True
		$7.NamingRule = $20
		$20.Name = Fields
		$20.AffectedEntity = Field
		$20.VisibilityMask = Protected, Public
		$20.NamingStyle = PascalCase
		$20.IncludeInstanceMembers = True
		$20.IncludeStaticEntities = True
		$7.NamingRule = $21
		$21.Name = ReadOnly Fields
		$21.AffectedEntity = ReadonlyField
		$21.VisibilityMask = Protected, Public
		$21.NamingStyle = PascalCase
		$21.IncludeInstanceMembers = True
		$21.IncludeStaticEntities = False
		$7.NamingRule = $22
		$22.Name = Constant Fields
		$22.AffectedEntity = ConstantField
		$22.VisibilityMask = Protected, Public
		$22.NamingStyle = PascalCase
		$22.IncludeInstanceMembers = True
		$22.IncludeStaticEntities = True
		$7.NamingRule = $23
		$23.Name = Properties
		$23.AffectedEntity = Property
		$23.VisibilityMask = Protected, Public
		$23.NamingStyle = PascalCase
		$23.IncludeInstanceMembers = True
		$23.IncludeStaticEntities = True
		$7.NamingRule = $24
		$24.Name = Events
		$24.AffectedEntity = Event
		$24.VisibilityMask = Protected, Public
		$24.NamingStyle = PascalCase
		$24.IncludeInstanceMembers = True
		$24.IncludeStaticEntities = True
		$7.NamingRule = $25
		$25.Name = Enum Members
		$25.AffectedEntity = EnumMember
		$25.VisibilityMask = VisibilityMask
		$25.NamingStyle = PascalCase
		$25.IncludeInstanceMembers = True
		$25.IncludeStaticEntities = True
		$7.NamingRule = $26
		$26.Name = Parameters
		$26.AffectedEntity = Parameter
		$26.VisibilityMask = VisibilityMask
		$26.NamingStyle = CamelCase
		$26.IncludeInstanceMembers = True
		$26.IncludeStaticEntities = True
		$7.NamingRule = $27
		$27.Name = Type Parameters
		$27.RequiredPrefixes = $28
		$28.String = T
		$27.AffectedEntity = TypeParameter
		$27.VisibilityMask = VisibilityMask
		$27.NamingStyle = PascalCase
		$27.IncludeInstanceMembers = True
		$27.IncludeStaticEntities = True
	EndGlobalSection
EndGlobal
