
Microsoft Visual Studio Solution File, Format Version 11.00
# Visual Studio 2010
Project("{FAE04EC0-301F-11D3-BF4B-00C04F79EFBC}") = "Fussen.Core", "Fussen.Core\Fussen.Core.csproj", "{9713855E-5B1F-499A-824B-ACEF2B6ED91C}"
EndProject
Project("{FAE04EC0-301F-11D3-BF4B-00C04F79EFBC}") = "Fussen.Net", "Fussen.Net\Fussen.Net.csproj", "{3FAA6E5F-239E-4FAE-B7F0-64AC232E12F5}"
EndProject
Project("{FAE04EC0-301F-11D3-BF4B-00C04F79EFBC}") = "Fussen.Web", "Fussen.Web\Fussen.Web.csproj", "{8CA4AEF5-6BC9-4919-9F9A-5B73AE4EC263}"
EndProject
Project("{FAE04EC0-301F-11D3-BF4B-00C04F79EFBC}") = "Fussen.Graphics", "Fussen.Graphics\Fussen.Graphics.csproj", "{9AD46F80-8A38-4757-8EA0-4E4A2AF56A4A}"
EndProject
Project("{FAE04EC0-301F-11D3-BF4B-00C04F79EFBC}") = "Fussen.Distributed", "Fussen.Distributed\Fussen.Distributed.csproj", "{D8040EB8-AC9B-42A6-A923-B0A11CF3B143}"
EndProject
Project("{2150E333-8FDC-42A3-9474-1A3956D46DE8}") = "Fussen.Testing", "Fussen.Testing", "{72095618-283E-401F-88EC-67B99E7A01ED}"
EndProject
Project("{FAE04EC0-301F-11D3-BF4B-00C04F79EFBC}") = "Fussen.Testing.Console", "Fussen.Testing.Console\Fussen.Testing.Console.csproj", "{0E7A5FE7-0A65-46BF-8591-6D63F2E1C3EE}"
EndProject
Global
	GlobalSection(SolutionConfigurationPlatforms) = preSolution
		Debug|Any CPU = Debug|Any CPU
		Release|Any CPU = Release|Any CPU
	EndGlobalSection
	GlobalSection(ProjectConfigurationPlatforms) = postSolution
		{0E7A5FE7-0A65-46BF-8591-6D63F2E1C3EE}.Debug|Any CPU.ActiveCfg = Debug|Any CPU
		{0E7A5FE7-0A65-46BF-8591-6D63F2E1C3EE}.Debug|Any CPU.Build.0 = Debug|Any CPU
		{0E7A5FE7-0A65-46BF-8591-6D63F2E1C3EE}.Release|Any CPU.ActiveCfg = Release|Any CPU
		{0E7A5FE7-0A65-46BF-8591-6D63F2E1C3EE}.Release|Any CPU.Build.0 = Release|Any CPU
		{3FAA6E5F-239E-4FAE-B7F0-64AC232E12F5}.Debug|Any CPU.ActiveCfg = Debug|Any CPU
		{3FAA6E5F-239E-4FAE-B7F0-64AC232E12F5}.Debug|Any CPU.Build.0 = Debug|Any CPU
		{3FAA6E5F-239E-4FAE-B7F0-64AC232E12F5}.Release|Any CPU.ActiveCfg = Release|Any CPU
		{3FAA6E5F-239E-4FAE-B7F0-64AC232E12F5}.Release|Any CPU.Build.0 = Release|Any CPU
		{8CA4AEF5-6BC9-4919-9F9A-5B73AE4EC263}.Debug|Any CPU.ActiveCfg = Debug|Any CPU
		{8CA4AEF5-6BC9-4919-9F9A-5B73AE4EC263}.Debug|Any CPU.Build.0 = Debug|Any CPU
		{8CA4AEF5-6BC9-4919-9F9A-5B73AE4EC263}.Release|Any CPU.ActiveCfg = Release|Any CPU
		{8CA4AEF5-6BC9-4919-9F9A-5B73AE4EC263}.Release|Any CPU.Build.0 = Release|Any CPU
		{9713855E-5B1F-499A-824B-ACEF2B6ED91C}.Debug|Any CPU.ActiveCfg = Debug|Any CPU
		{9713855E-5B1F-499A-824B-ACEF2B6ED91C}.Debug|Any CPU.Build.0 = Debug|Any CPU
		{9713855E-5B1F-499A-824B-ACEF2B6ED91C}.Release|Any CPU.ActiveCfg = Release|Any CPU
		{9713855E-5B1F-499A-824B-ACEF2B6ED91C}.Release|Any CPU.Build.0 = Release|Any CPU
		{9AD46F80-8A38-4757-8EA0-4E4A2AF56A4A}.Debug|Any CPU.ActiveCfg = Debug|Any CPU
		{9AD46F80-8A38-4757-8EA0-4E4A2AF56A4A}.Debug|Any CPU.Build.0 = Debug|Any CPU
		{9AD46F80-8A38-4757-8EA0-4E4A2AF56A4A}.Release|Any CPU.ActiveCfg = Release|Any CPU
		{9AD46F80-8A38-4757-8EA0-4E4A2AF56A4A}.Release|Any CPU.Build.0 = Release|Any CPU
		{D8040EB8-AC9B-42A6-A923-B0A11CF3B143}.Debug|Any CPU.ActiveCfg = Debug|Any CPU
		{D8040EB8-AC9B-42A6-A923-B0A11CF3B143}.Debug|Any CPU.Build.0 = Debug|Any CPU
		{D8040EB8-AC9B-42A6-A923-B0A11CF3B143}.Release|Any CPU.ActiveCfg = Release|Any CPU
		{D8040EB8-AC9B-42A6-A923-B0A11CF3B143}.Release|Any CPU.Build.0 = Release|Any CPU
	EndGlobalSection
	GlobalSection(NestedProjects) = preSolution
		{0E7A5FE7-0A65-46BF-8591-6D63F2E1C3EE} = {72095618-283E-401F-88EC-67B99E7A01ED}
	EndGlobalSection
	GlobalSection(MonoDevelopProperties) = preSolution
		StartupItem = Fussen.Testing.Console\Fussen.Testing.Console.csproj
		Policies = $0
		$0.DotNetNamingPolicy = $1
		$1.DirectoryNamespaceAssociation = None
		$1.ResourceNamePolicy = FileFormatDefault
		$0.VersionControlPolicy = $2
		$2.inheritsSet = Mono
		$0.ChangeLogPolicy = $3
		$3.UpdateMode = None
		$3.MessageStyle = $4
		$4.LineAlign = 0
		$3.inheritsSet = Mono
	EndGlobalSection
EndGlobal
